
Microsoft Visual Studio Solution File, Format Version 12.00
Project("{FAE04EC0-301F-11D3-BF4B-00C04F79EFBC}") = "Server", "Server\Server.csproj", "{8AA847CA-5A40-4DA2-A1C7-0B5CEFAD2FD1}"
EndProject
Project("{FAE04EC0-301F-11D3-BF4B-00C04F79EFBC}") = "Server.Tests", "Server.Tests\Server.Tests.csproj", "{1072EBD0-EAB6-4E75-B9B4-5EF7D8AA4C4B}"
EndProject
Global
	GlobalSection(SolutionConfigurationPlatforms) = preSolution
		Debug|Any CPU = Debug|Any CPU
		Release|Any CPU = Release|Any CPU
	EndGlobalSection
	GlobalSection(ProjectConfigurationPlatforms) = postSolution
		{8AA847CA-5A40-4DA2-A1C7-0B5CEFAD2FD1}.Debug|Any CPU.ActiveCfg = Debug|Any CPU
		{8AA847CA-5A40-4DA2-A1C7-0B5CEFAD2FD1}.Debug|Any CPU.Build.0 = Debug|Any CPU
		{8AA847CA-5A40-4DA2-A1C7-0B5CEFAD2FD1}.Release|Any CPU.ActiveCfg = Release|Any CPU
		{8AA847CA-5A40-4DA2-A1C7-0B5CEFAD2FD1}.Release|Any CPU.Build.0 = Release|Any CPU
		{1072EBD0-EAB6-4E75-B9B4-5EF7D8AA4C4B}.Debug|Any CPU.ActiveCfg = Debug|Any CPU
		{1072EBD0-EAB6-4E75-B9B4-5EF7D8AA4C4B}.Debug|Any CPU.Build.0 = Debug|Any CPU
		{1072EBD0-EAB6-4E75-B9B4-5EF7D8AA4C4B}.Release|Any CPU.ActiveCfg = Release|Any CPU
		{1072EBD0-EAB6-4E75-B9B4-5EF7D8AA4C4B}.Release|Any CPU.Build.0 = Release|Any CPU
	EndGlobalSection
EndGlobal
